// !$*UTF8*$!
{
	archiveVersion = 1;
	classes = {
	};
	objectVersion = 48;
	objects = {

/* Begin PBXBuildFile section */
		57CA558B1FC477F7008E8F95 /* AppDelegate.m in Sources */ = {isa = PBXBuildFile; fileRef = 57CA558A1FC477F7008E8F95 /* AppDelegate.m */; };
		57CA558E1FC477F7008E8F95 /* ViewController.m in Sources */ = {isa = PBXBuildFile; fileRef = 57CA558D1FC477F7008E8F95 /* ViewController.m */; };
		57CA55911FC477F7008E8F95 /* Main.storyboard in Resources */ = {isa = PBXBuildFile; fileRef = 57CA558F1FC477F7008E8F95 /* Main.storyboard */; };
		57CA55931FC477F7008E8F95 /* Assets.xcassets in Resources */ = {isa = PBXBuildFile; fileRef = 57CA55921FC477F7008E8F95 /* Assets.xcassets */; };
		57CA55961FC477F7008E8F95 /* LaunchScreen.storyboard in Resources */ = {isa = PBXBuildFile; fileRef = 57CA55941FC477F7008E8F95 /* LaunchScreen.storyboard */; };
		57CA55991FC477F7008E8F95 /* main.m in Sources */ = {isa = PBXBuildFile; fileRef = 57CA55981FC477F7008E8F95 /* main.m */; };
		57CA55A31FC477F7008E8F95 /* HXDBTests.m in Sources */ = {isa = PBXBuildFile; fileRef = 57CA55A21FC477F7008E8F95 /* HXDBTests.m */; };
		57CA55AE1FC477F7008E8F95 /* HXDBUITests.m in Sources */ = {isa = PBXBuildFile; fileRef = 57CA55AD1FC477F7008E8F95 /* HXDBUITests.m */; };
		57CA55BD1FC478D7008E8F95 /* HXDBManager.m in Sources */ = {isa = PBXBuildFile; fileRef = 57CA55BB1FC478D6008E8F95 /* HXDBManager.m */; };
		57CA55CA1FC59C8B008E8F95 /* FMDatabase.m in Sources */ = {isa = PBXBuildFile; fileRef = 57CA55C01FC59C8B008E8F95 /* FMDatabase.m */; };
		57CA55CB1FC59C8B008E8F95 /* FMDatabaseAdditions.m in Sources */ = {isa = PBXBuildFile; fileRef = 57CA55C21FC59C8B008E8F95 /* FMDatabaseAdditions.m */; };
		57CA55CC1FC59C8B008E8F95 /* FMDatabasePool.m in Sources */ = {isa = PBXBuildFile; fileRef = 57CA55C41FC59C8B008E8F95 /* FMDatabasePool.m */; };
		57CA55CD1FC59C8B008E8F95 /* FMDatabaseQueue.m in Sources */ = {isa = PBXBuildFile; fileRef = 57CA55C61FC59C8B008E8F95 /* FMDatabaseQueue.m */; };
		57CA55CE1FC59C8B008E8F95 /* FMResultSet.m in Sources */ = {isa = PBXBuildFile; fileRef = 57CA55C91FC59C8B008E8F95 /* FMResultSet.m */; };
		57CA55D11FC6F603008E8F95 /* Person.m in Sources */ = {isa = PBXBuildFile; fileRef = 57CA55D01FC6F603008E8F95 /* Person.m */; };
/* End PBXBuildFile section */

/* Begin PBXContainerItemProxy section */
		57CA559F1FC477F7008E8F95 /* PBXContainerItemProxy */ = {
			isa = PBXContainerItemProxy;
			containerPortal = 57CA557E1FC477F7008E8F95 /* Project object */;
			proxyType = 1;
			remoteGlobalIDString = 57CA55851FC477F7008E8F95;
			remoteInfo = HXDB;
		};
		57CA55AA1FC477F7008E8F95 /* PBXContainerItemProxy */ = {
			isa = PBXContainerItemProxy;
			containerPortal = 57CA557E1FC477F7008E8F95 /* Project object */;
			proxyType = 1;
			remoteGlobalIDString = 57CA55851FC477F7008E8F95;
			remoteInfo = HXDB;
		};
/* End PBXContainerItemProxy section */

/* Begin PBXFileReference section */
		57CA55861FC477F7008E8F95 /* HXDB.app */ = {isa = PBXFileReference; explicitFileType = wrapper.application; includeInIndex = 0; path = HXDB.app; sourceTree = BUILT_PRODUCTS_DIR; };
		57CA55891FC477F7008E8F95 /* AppDelegate.h */ = {isa = PBXFileReference; lastKnownFileType = sourcecode.c.h; path = AppDelegate.h; sourceTree = "<group>"; };
		57CA558A1FC477F7008E8F95 /* AppDelegate.m */ = {isa = PBXFileReference; lastKnownFileType = sourcecode.c.objc; path = AppDelegate.m; sourceTree = "<group>"; };
		57CA558C1FC477F7008E8F95 /* ViewController.h */ = {isa = PBXFileReference; lastKnownFileType = sourcecode.c.h; path = ViewController.h; sourceTree = "<group>"; };
		57CA558D1FC477F7008E8F95 /* ViewController.m */ = {isa = PBXFileReference; lastKnownFileType = sourcecode.c.objc; path = ViewController.m; sourceTree = "<group>"; };
		57CA55901FC477F7008E8F95 /* Base */ = {isa = PBXFileReference; lastKnownFileType = file.storyboard; name = Base; path = Base.lproj/Main.storyboard; sourceTree = "<group>"; };
		57CA55921FC477F7008E8F95 /* Assets.xcassets */ = {isa = PBXFileReference; lastKnownFileType = folder.assetcatalog; path = Assets.xcassets; sourceTree = "<group>"; };
		57CA55951FC477F7008E8F95 /* Base */ = {isa = PBXFileReference; lastKnownFileType = file.storyboard; name = Base; path = Base.lproj/LaunchScreen.storyboard; sourceTree = "<group>"; };
		57CA55971FC477F7008E8F95 /* Info.plist */ = {isa = PBXFileReference; lastKnownFileType = text.plist.xml; path = Info.plist; sourceTree = "<group>"; };
		57CA55981FC477F7008E8F95 /* main.m */ = {isa = PBXFileReference; lastKnownFileType = sourcecode.c.objc; path = main.m; sourceTree = "<group>"; };
		57CA559E1FC477F7008E8F95 /* HXDBTests.xctest */ = {isa = PBXFileReference; explicitFileType = wrapper.cfbundle; includeInIndex = 0; path = HXDBTests.xctest; sourceTree = BUILT_PRODUCTS_DIR; };
		57CA55A21FC477F7008E8F95 /* HXDBTests.m */ = {isa = PBXFileReference; lastKnownFileType = sourcecode.c.objc; path = HXDBTests.m; sourceTree = "<group>"; };
		57CA55A41FC477F7008E8F95 /* Info.plist */ = {isa = PBXFileReference; lastKnownFileType = text.plist.xml; path = Info.plist; sourceTree = "<group>"; };
		57CA55A91FC477F7008E8F95 /* HXDBUITests.xctest */ = {isa = PBXFileReference; explicitFileType = wrapper.cfbundle; includeInIndex = 0; path = HXDBUITests.xctest; sourceTree = BUILT_PRODUCTS_DIR; };
		57CA55AD1FC477F7008E8F95 /* HXDBUITests.m */ = {isa = PBXFileReference; lastKnownFileType = sourcecode.c.objc; path = HXDBUITests.m; sourceTree = "<group>"; };
		57CA55AF1FC477F7008E8F95 /* Info.plist */ = {isa = PBXFileReference; lastKnownFileType = text.plist.xml; path = Info.plist; sourceTree = "<group>"; };
		57CA55BB1FC478D6008E8F95 /* HXDBManager.m */ = {isa = PBXFileReference; fileEncoding = 4; lastKnownFileType = sourcecode.c.objc; path = HXDBManager.m; sourceTree = "<group>"; };
		57CA55BC1FC478D6008E8F95 /* HXDBManager.h */ = {isa = PBXFileReference; fileEncoding = 4; lastKnownFileType = sourcecode.c.h; path = HXDBManager.h; sourceTree = "<group>"; };
		57CA55BF1FC59C8B008E8F95 /* FMDatabase.h */ = {isa = PBXFileReference; fileEncoding = 4; lastKnownFileType = sourcecode.c.h; path = FMDatabase.h; sourceTree = "<group>"; };
		57CA55C01FC59C8B008E8F95 /* FMDatabase.m */ = {isa = PBXFileReference; fileEncoding = 4; lastKnownFileType = sourcecode.c.objc; path = FMDatabase.m; sourceTree = "<group>"; };
		57CA55C11FC59C8B008E8F95 /* FMDatabaseAdditions.h */ = {isa = PBXFileReference; fileEncoding = 4; lastKnownFileType = sourcecode.c.h; path = FMDatabaseAdditions.h; sourceTree = "<group>"; };
		57CA55C21FC59C8B008E8F95 /* FMDatabaseAdditions.m */ = {isa = PBXFileReference; fileEncoding = 4; lastKnownFileType = sourcecode.c.objc; path = FMDatabaseAdditions.m; sourceTree = "<group>"; };
		57CA55C31FC59C8B008E8F95 /* FMDatabasePool.h */ = {isa = PBXFileReference; fileEncoding = 4; lastKnownFileType = sourcecode.c.h; path = FMDatabasePool.h; sourceTree = "<group>"; };
		57CA55C41FC59C8B008E8F95 /* FMDatabasePool.m */ = {isa = PBXFileReference; fileEncoding = 4; lastKnownFileType = sourcecode.c.objc; path = FMDatabasePool.m; sourceTree = "<group>"; };
		57CA55C51FC59C8B008E8F95 /* FMDatabaseQueue.h */ = {isa = PBXFileReference; fileEncoding = 4; lastKnownFileType = sourcecode.c.h; path = FMDatabaseQueue.h; sourceTree = "<group>"; };
		57CA55C61FC59C8B008E8F95 /* FMDatabaseQueue.m */ = {isa = PBXFileReference; fileEncoding = 4; lastKnownFileType = sourcecode.c.objc; path = FMDatabaseQueue.m; sourceTree = "<group>"; };
		57CA55C71FC59C8B008E8F95 /* FMDB.h */ = {isa = PBXFileReference; fileEncoding = 4; lastKnownFileType = sourcecode.c.h; path = FMDB.h; sourceTree = "<group>"; };
		57CA55C81FC59C8B008E8F95 /* FMResultSet.h */ = {isa = PBXFileReference; fileEncoding = 4; lastKnownFileType = sourcecode.c.h; path = FMResultSet.h; sourceTree = "<group>"; };
		57CA55C91FC59C8B008E8F95 /* FMResultSet.m */ = {isa = PBXFileReference; fileEncoding = 4; lastKnownFileType = sourcecode.c.objc; path = FMResultSet.m; sourceTree = "<group>"; };
		57CA55CF1FC6F603008E8F95 /* Person.h */ = {isa = PBXFileReference; lastKnownFileType = sourcecode.c.h; path = Person.h; sourceTree = "<group>"; };
		57CA55D01FC6F603008E8F95 /* Person.m */ = {isa = PBXFileReference; lastKnownFileType = sourcecode.c.objc; path = Person.m; sourceTree = "<group>"; };
/* End PBXFileReference section */

/* Begin PBXFrameworksBuildPhase section */
		57CA55831FC477F7008E8F95 /* Frameworks */ = {
			isa = PBXFrameworksBuildPhase;
			buildActionMask = 2147483647;
			files = (
			);
			runOnlyForDeploymentPostprocessing = 0;
		};
		57CA559B1FC477F7008E8F95 /* Frameworks */ = {
			isa = PBXFrameworksBuildPhase;
			buildActionMask = 2147483647;
			files = (
			);
			runOnlyForDeploymentPostprocessing = 0;
		};
		57CA55A61FC477F7008E8F95 /* Frameworks */ = {
			isa = PBXFrameworksBuildPhase;
			buildActionMask = 2147483647;
			files = (
			);
			runOnlyForDeploymentPostprocessing = 0;
		};
/* End PBXFrameworksBuildPhase section */

/* Begin PBXGroup section */
		57CA557D1FC477F7008E8F95 = {
			isa = PBXGroup;
			children = (
				57CA55BE1FC59C8B008E8F95 /* fmdb */,
				57CA55881FC477F7008E8F95 /* HXDB */,
				57CA55A11FC477F7008E8F95 /* HXDBTests */,
				57CA55AC1FC477F7008E8F95 /* HXDBUITests */,
				57CA55871FC477F7008E8F95 /* Products */,
			);
			sourceTree = "<group>";
		};
		57CA55871FC477F7008E8F95 /* Products */ = {
			isa = PBXGroup;
			children = (
				57CA55861FC477F7008E8F95 /* HXDB.app */,
				57CA559E1FC477F7008E8F95 /* HXDBTests.xctest */,
				57CA55A91FC477F7008E8F95 /* HXDBUITests.xctest */,
			);
			name = Products;
			sourceTree = "<group>";
		};
		57CA55881FC477F7008E8F95 /* HXDB */ = {
			isa = PBXGroup;
			children = (
				57CA55891FC477F7008E8F95 /* AppDelegate.h */,
				57CA558A1FC477F7008E8F95 /* AppDelegate.m */,
				57CA558C1FC477F7008E8F95 /* ViewController.h */,
				57CA558D1FC477F7008E8F95 /* ViewController.m */,
				57CA55BC1FC478D6008E8F95 /* HXDBManager.h */,
				57CA55BB1FC478D6008E8F95 /* HXDBManager.m */,
				57CA55CF1FC6F603008E8F95 /* Person.h */,
				57CA55D01FC6F603008E8F95 /* Person.m */,
				57CA558F1FC477F7008E8F95 /* Main.storyboard */,
				57CA55921FC477F7008E8F95 /* Assets.xcassets */,
				57CA55941FC477F7008E8F95 /* LaunchScreen.storyboard */,
				57CA55971FC477F7008E8F95 /* Info.plist */,
				57CA55981FC477F7008E8F95 /* main.m */,
			);
			path = HXDB;
			sourceTree = "<group>";
		};
		57CA55A11FC477F7008E8F95 /* HXDBTests */ = {
			isa = PBXGroup;
			children = (
				57CA55A21FC477F7008E8F95 /* HXDBTests.m */,
				57CA55A41FC477F7008E8F95 /* Info.plist */,
			);
			path = HXDBTests;
			sourceTree = "<group>";
		};
		57CA55AC1FC477F7008E8F95 /* HXDBUITests */ = {
			isa = PBXGroup;
			children = (
				57CA55AD1FC477F7008E8F95 /* HXDBUITests.m */,
				57CA55AF1FC477F7008E8F95 /* Info.plist */,
			);
			path = HXDBUITests;
			sourceTree = "<group>";
		};
		57CA55BE1FC59C8B008E8F95 /* fmdb */ = {
			isa = PBXGroup;
			children = (
				57CA55BF1FC59C8B008E8F95 /* FMDatabase.h */,
				57CA55C01FC59C8B008E8F95 /* FMDatabase.m */,
				57CA55C11FC59C8B008E8F95 /* FMDatabaseAdditions.h */,
				57CA55C21FC59C8B008E8F95 /* FMDatabaseAdditions.m */,
				57CA55C31FC59C8B008E8F95 /* FMDatabasePool.h */,
				57CA55C41FC59C8B008E8F95 /* FMDatabasePool.m */,
				57CA55C51FC59C8B008E8F95 /* FMDatabaseQueue.h */,
				57CA55C61FC59C8B008E8F95 /* FMDatabaseQueue.m */,
				57CA55C71FC59C8B008E8F95 /* FMDB.h */,
				57CA55C81FC59C8B008E8F95 /* FMResultSet.h */,
				57CA55C91FC59C8B008E8F95 /* FMResultSet.m */,
			);
			name = fmdb;
			path = HXDB/fmdb;
			sourceTree = "<group>";
		};
/* End PBXGroup section */

/* Begin PBXNativeTarget section */
		57CA55851FC477F7008E8F95 /* HXDB */ = {
			isa = PBXNativeTarget;
			buildConfigurationList = 57CA55B21FC477F7008E8F95 /* Build configuration list for PBXNativeTarget "HXDB" */;
			buildPhases = (
				57CA55821FC477F7008E8F95 /* Sources */,
				57CA55831FC477F7008E8F95 /* Frameworks */,
				57CA55841FC477F7008E8F95 /* Resources */,
			);
			buildRules = (
			);
			dependencies = (
			);
			name = HXDB;
			productName = HXDB;
			productReference = 57CA55861FC477F7008E8F95 /* HXDB.app */;
			productType = "com.apple.product-type.application";
		};
		57CA559D1FC477F7008E8F95 /* HXDBTests */ = {
			isa = PBXNativeTarget;
			buildConfigurationList = 57CA55B51FC477F7008E8F95 /* Build configuration list for PBXNativeTarget "HXDBTests" */;
			buildPhases = (
				57CA559A1FC477F7008E8F95 /* Sources */,
				57CA559B1FC477F7008E8F95 /* Frameworks */,
				57CA559C1FC477F7008E8F95 /* Resources */,
			);
			buildRules = (
			);
			dependencies = (
				57CA55A01FC477F7008E8F95 /* PBXTargetDependency */,
			);
			name = HXDBTests;
			productName = HXDBTests;
			productReference = 57CA559E1FC477F7008E8F95 /* HXDBTests.xctest */;
			productType = "com.apple.product-type.bundle.unit-test";
		};
		57CA55A81FC477F7008E8F95 /* HXDBUITests */ = {
			isa = PBXNativeTarget;
			buildConfigurationList = 57CA55B81FC477F7008E8F95 /* Build configuration list for PBXNativeTarget "HXDBUITests" */;
			buildPhases = (
				57CA55A51FC477F7008E8F95 /* Sources */,
				57CA55A61FC477F7008E8F95 /* Frameworks */,
				57CA55A71FC477F7008E8F95 /* Resources */,
			);
			buildRules = (
			);
			dependencies = (
				57CA55AB1FC477F7008E8F95 /* PBXTargetDependency */,
			);
			name = HXDBUITests;
			productName = HXDBUITests;
			productReference = 57CA55A91FC477F7008E8F95 /* HXDBUITests.xctest */;
			productType = "com.apple.product-type.bundle.ui-testing";
		};
/* End PBXNativeTarget section */

/* Begin PBXProject section */
		57CA557E1FC477F7008E8F95 /* Project object */ = {
			isa = PBXProject;
			attributes = {
				LastUpgradeCheck = 0910;
				ORGANIZATIONNAME = commet;
				TargetAttributes = {
					57CA55851FC477F7008E8F95 = {
						CreatedOnToolsVersion = 9.1;
						ProvisioningStyle = Automatic;
					};
					57CA559D1FC477F7008E8F95 = {
						CreatedOnToolsVersion = 9.1;
						ProvisioningStyle = Automatic;
						TestTargetID = 57CA55851FC477F7008E8F95;
					};
					57CA55A81FC477F7008E8F95 = {
						CreatedOnToolsVersion = 9.1;
						ProvisioningStyle = Automatic;
						TestTargetID = 57CA55851FC477F7008E8F95;
					};
				};
			};
			buildConfigurationList = 57CA55811FC477F7008E8F95 /* Build configuration list for PBXProject "HXDB" */;
			compatibilityVersion = "Xcode 8.0";
			developmentRegion = en;
			hasScannedForEncodings = 0;
			knownRegions = (
				en,
				Base,
			);
			mainGroup = 57CA557D1FC477F7008E8F95;
			productRefGroup = 57CA55871FC477F7008E8F95 /* Products */;
			projectDirPath = "";
			projectRoot = "";
			targets = (
				57CA55851FC477F7008E8F95 /* HXDB */,
				57CA559D1FC477F7008E8F95 /* HXDBTests */,
				57CA55A81FC477F7008E8F95 /* HXDBUITests */,
			);
		};
/* End PBXProject section */

/* Begin PBXResourcesBuildPhase section */
		57CA55841FC477F7008E8F95 /* Resources */ = {
			isa = PBXResourcesBuildPhase;
			buildActionMask = 2147483647;
			files = (
				57CA55961FC477F7008E8F95 /* LaunchScreen.storyboard in Resources */,
				57CA55931FC477F7008E8F95 /* Assets.xcassets in Resources */,
				57CA55911FC477F7008E8F95 /* Main.storyboard in Resources */,
			);
			runOnlyForDeploymentPostprocessing = 0;
		};
		57CA559C1FC477F7008E8F95 /* Resources */ = {
			isa = PBXResourcesBuildPhase;
			buildActionMask = 2147483647;
			files = (
			);
			runOnlyForDeploymentPostprocessing = 0;
		};
		57CA55A71FC477F7008E8F95 /* Resources */ = {
			isa = PBXResourcesBuildPhase;
			buildActionMask = 2147483647;
			files = (
			);
			runOnlyForDeploymentPostprocessing = 0;
		};
/* End PBXResourcesBuildPhase section */

/* Begin PBXSourcesBuildPhase section */
		57CA55821FC477F7008E8F95 /* Sources */ = {
			isa = PBXSourcesBuildPhase;
			buildActionMask = 2147483647;
			files = (
				57CA558E1FC477F7008E8F95 /* ViewController.m in Sources */,
				57CA55CD1FC59C8B008E8F95 /* FMDatabaseQueue.m in Sources */,
				57CA55D11FC6F603008E8F95 /* Person.m in Sources */,
				57CA55BD1FC478D7008E8F95 /* HXDBManager.m in Sources */,
				57CA55991FC477F7008E8F95 /* main.m in Sources */,
				57CA55CA1FC59C8B008E8F95 /* FMDatabase.m in Sources */,
				57CA55CC1FC59C8B008E8F95 /* FMDatabasePool.m in Sources */,
				57CA55CE1FC59C8B008E8F95 /* FMResultSet.m in Sources */,
				57CA558B1FC477F7008E8F95 /* AppDelegate.m in Sources */,
				57CA55CB1FC59C8B008E8F95 /* FMDatabaseAdditions.m in Sources */,
			);
			runOnlyForDeploymentPostprocessing = 0;
		};
		57CA559A1FC477F7008E8F95 /* Sources */ = {
			isa = PBXSourcesBuildPhase;
			buildActionMask = 2147483647;
			files = (
				57CA55A31FC477F7008E8F95 /* HXDBTests.m in Sources */,
			);
			runOnlyForDeploymentPostprocessing = 0;
		};
		57CA55A51FC477F7008E8F95 /* Sources */ = {
			isa = PBXSourcesBuildPhase;
			buildActionMask = 2147483647;
			files = (
				57CA55AE1FC477F7008E8F95 /* HXDBUITests.m in Sources */,
			);
			runOnlyForDeploymentPostprocessing = 0;
		};
/* End PBXSourcesBuildPhase section */

/* Begin PBXTargetDependency section */
		57CA55A01FC477F7008E8F95 /* PBXTargetDependency */ = {
			isa = PBXTargetDependency;
			target = 57CA55851FC477F7008E8F95 /* HXDB */;
			targetProxy = 57CA559F1FC477F7008E8F95 /* PBXContainerItemProxy */;
		};
		57CA55AB1FC477F7008E8F95 /* PBXTargetDependency */ = {
			isa = PBXTargetDependency;
			target = 57CA55851FC477F7008E8F95 /* HXDB */;
			targetProxy = 57CA55AA1FC477F7008E8F95 /* PBXContainerItemProxy */;
		};
/* End PBXTargetDependency section */

/* Begin PBXVariantGroup section */
		57CA558F1FC477F7008E8F95 /* Main.storyboard */ = {
			isa = PBXVariantGroup;
			children = (
				57CA55901FC477F7008E8F95 /* Base */,
			);
			name = Main.storyboard;
			sourceTree = "<group>";
		};
		57CA55941FC477F7008E8F95 /* LaunchScreen.storyboard */ = {
			isa = PBXVariantGroup;
			children = (
				57CA55951FC477F7008E8F95 /* Base */,
			);
			name = LaunchScreen.storyboard;
			sourceTree = "<group>";
		};
/* End PBXVariantGroup section */

/* Begin XCBuildConfiguration section */
		57CA55B01FC477F7008E8F95 /* Debug */ = {
			isa = XCBuildConfiguration;
			buildSettings = {
				ALWAYS_SEARCH_USER_PATHS = NO;
				CLANG_ANALYZER_NONNULL = YES;
				CLANG_ANALYZER_NUMBER_OBJECT_CONVERSION = YES_AGGRESSIVE;
				CLANG_CXX_LANGUAGE_STANDARD = "gnu++14";
				CLANG_CXX_LIBRARY = "libc++";
				CLANG_ENABLE_MODULES = YES;
				CLANG_ENABLE_OBJC_ARC = YES;
				CLANG_WARN_BLOCK_CAPTURE_AUTORELEASING = YES;
				CLANG_WARN_BOOL_CONVERSION = YES;
				CLANG_WARN_COMMA = YES;
				CLANG_WARN_CONSTANT_CONVERSION = YES;
				CLANG_WARN_DIRECT_OBJC_ISA_USAGE = YES_ERROR;
				CLANG_WARN_DOCUMENTATION_COMMENTS = YES;
				CLANG_WARN_EMPTY_BODY = YES;
				CLANG_WARN_ENUM_CONVERSION = YES;
				CLANG_WARN_INFINITE_RECURSION = YES;
				CLANG_WARN_INT_CONVERSION = YES;
				CLANG_WARN_NON_LITERAL_NULL_CONVERSION = YES;
				CLANG_WARN_OBJC_LITERAL_CONVERSION = YES;
				CLANG_WARN_OBJC_ROOT_CLASS = YES_ERROR;
				CLANG_WARN_RANGE_LOOP_ANALYSIS = YES;
				CLANG_WARN_STRICT_PROTOTYPES = YES;
				CLANG_WARN_SUSPICIOUS_MOVE = YES;
				CLANG_WARN_UNGUARDED_AVAILABILITY = YES_AGGRESSIVE;
				CLANG_WARN_UNREACHABLE_CODE = YES;
				CLANG_WARN__DUPLICATE_METHOD_MATCH = YES;
				CODE_SIGN_IDENTITY = "iPhone Developer";
				COPY_PHASE_STRIP = NO;
				DEBUG_INFORMATION_FORMAT = dwarf;
				ENABLE_STRICT_OBJC_MSGSEND = YES;
				ENABLE_TESTABILITY = YES;
				GCC_C_LANGUAGE_STANDARD = gnu11;
				GCC_DYNAMIC_NO_PIC = NO;
				GCC_NO_COMMON_BLOCKS = YES;
				GCC_OPTIMIZATION_LEVEL = 0;
				GCC_PREPROCESSOR_DEFINITIONS = (
					"DEBUG=1",
					"$(inherited)",
				);
				GCC_WARN_64_TO_32_BIT_CONVERSION = YES;
				GCC_WARN_ABOUT_RETURN_TYPE = YES_ERROR;
				GCC_WARN_UNDECLARED_SELECTOR = YES;
				GCC_WARN_UNINITIALIZED_AUTOS = YES_AGGRESSIVE;
				GCC_WARN_UNUSED_FUNCTION = YES;
				GCC_WARN_UNUSED_VARIABLE = YES;
				IPHONEOS_DEPLOYMENT_TARGET = 11.1;
				MTL_ENABLE_DEBUG_INFO = YES;
				ONLY_ACTIVE_ARCH = YES;
				SDKROOT = iphoneos;
			};
			name = Debug;
		};
		57CA55B11FC477F7008E8F95 /* Release */ = {
			isa = XCBuildConfiguration;
			buildSettings = {
				ALWAYS_SEARCH_USER_PATHS = NO;
				CLANG_ANALYZER_NONNULL = YES;
				CLANG_ANALYZER_NUMBER_OBJECT_CONVERSION = YES_AGGRESSIVE;
				CLANG_CXX_LANGUAGE_STANDARD = "gnu++14";
				CLANG_CXX_LIBRARY = "libc++";
				CLANG_ENABLE_MODULES = YES;
				CLANG_ENABLE_OBJC_ARC = YES;
				CLANG_WARN_BLOCK_CAPTURE_AUTORELEASING = YES;
				CLANG_WARN_BOOL_CONVERSION = YES;
				CLANG_WARN_COMMA = YES;
				CLANG_WARN_CONSTANT_CONVERSION = YES;
				CLANG_WARN_DIRECT_OBJC_ISA_USAGE = YES_ERROR;
				CLANG_WARN_DOCUMENTATION_COMMENTS = YES;
				CLANG_WARN_EMPTY_BODY = YES;
				CLANG_WARN_ENUM_CONVERSION = YES;
				CLANG_WARN_INFINITE_RECURSION = YES;
				CLANG_WARN_INT_CONVERSION = YES;
				CLANG_WARN_NON_LITERAL_NULL_CONVERSION = YES;
				CLANG_WARN_OBJC_LITERAL_CONVERSION = YES;
				CLANG_WARN_OBJC_ROOT_CLASS = YES_ERROR;
				CLANG_WARN_RANGE_LOOP_ANALYSIS = YES;
				CLANG_WARN_STRICT_PROTOTYPES = YES;
				CLANG_WARN_SUSPICIOUS_MOVE = YES;
				CLANG_WARN_UNGUARDED_AVAILABILITY = YES_AGGRESSIVE;
				CLANG_WARN_UNREACHABLE_CODE = YES;
				CLANG_WARN__DUPLICATE_METHOD_MATCH = YES;
				CODE_SIGN_IDENTITY = "iPhone Developer";
				COPY_PHASE_STRIP = NO;
				DEBUG_INFORMATION_FORMAT = "dwarf-with-dsym";
				ENABLE_NS_ASSERTIONS = NO;
				ENABLE_STRICT_OBJC_MSGSEND = YES;
				GCC_C_LANGUAGE_STANDARD = gnu11;
				GCC_NO_COMMON_BLOCKS = YES;
				GCC_WARN_64_TO_32_BIT_CONVERSION = YES;
				GCC_WARN_ABOUT_RETURN_TYPE = YES_ERROR;
				GCC_WARN_UNDECLARED_SELECTOR = YES;
				GCC_WARN_UNINITIALIZED_AUTOS = YES_AGGRESSIVE;
				GCC_WARN_UNUSED_FUNCTION = YES;
				GCC_WARN_UNUSED_VARIABLE = YES;
				IPHONEOS_DEPLOYMENT_TARGET = 11.1;
				MTL_ENABLE_DEBUG_INFO = NO;
				SDKROOT = iphoneos;
				VALIDATE_PRODUCT = YES;
			};
			name = Release;
		};
		57CA55B31FC477F7008E8F95 /* Debug */ = {
			isa = XCBuildConfiguration;
			buildSettings = {
				ASSETCATALOG_COMPILER_APPICON_NAME = AppIcon;
				CODE_SIGN_STYLE = Automatic;
				DEVELOPMENT_TEAM = AV69H3MJH2;
				INFOPLIST_FILE = HXDB/Info.plist;
				LD_RUNPATH_SEARCH_PATHS = "$(inherited) @executable_path/Frameworks";
				PRODUCT_BUNDLE_IDENTIFIER = com.commet.HXDB;
				PRODUCT_NAME = "$(TARGET_NAME)";
				TARGETED_DEVICE_FAMILY = "1,2";
			};
			name = Debug;
		};
		57CA55B41FC477F7008E8F95 /* Release */ = {
			isa = XCBuildConfiguration;
			buildSettings = {
				ASSETCATALOG_COMPILER_APPICON_NAME = AppIcon;
				CODE_SIGN_STYLE = Automatic;
				DEVELOPMENT_TEAM = AV69H3MJH2;
				INFOPLIST_FILE = HXDB/Info.plist;
				LD_RUNPATH_SEARCH_PATHS = "$(inherited) @executable_path/Frameworks";
				PRODUCT_BUNDLE_IDENTIFIER = com.commet.HXDB;
				PRODUCT_NAME = "$(TARGET_NAME)";
				TARGETED_DEVICE_FAMILY = "1,2";
			};
			name = Release;
		};
		57CA55B61FC477F7008E8F95 /* Debug */ = {
			isa = XCBuildConfiguration;
			buildSettings = {
				BUNDLE_LOADER = "$(TEST_HOST)";
				CODE_SIGN_STYLE = Automatic;
				DEVELOPMENT_TEAM = AV69H3MJH2;
				INFOPLIST_FILE = HXDBTests/Info.plist;
				LD_RUNPATH_SEARCH_PATHS = "$(inherited) @executable_path/Frameworks @loader_path/Frameworks";
				PRODUCT_BUNDLE_IDENTIFIER = com.commet.HXDBTests;
				PRODUCT_NAME = "$(TARGET_NAME)";
				TARGETED_DEVICE_FAMILY = "1,2";
				TEST_HOST = "$(BUILT_PRODUCTS_DIR)/HXDB.app/HXDB";
			};
			name = Debug;
		};
		57CA55B71FC477F7008E8F95 /* Release */ = {
			isa = XCBuildConfiguration;
			buildSettings = {
				BUNDLE_LOADER = "$(TEST_HOST)";
				CODE_SIGN_STYLE = Automatic;
				DEVELOPMENT_TEAM = AV69H3MJH2;
				INFOPLIST_FILE = HXDBTests/Info.plist;
				LD_RUNPATH_SEARCH_PATHS = "$(inherited) @executable_path/Frameworks @loader_path/Frameworks";
				PRODUCT_BUNDLE_IDENTIFIER = com.commet.HXDBTests;
				PRODUCT_NAME = "$(TARGET_NAME)";
				TARGETED_DEVICE_FAMILY = "1,2";
				TEST_HOST = "$(BUILT_PRODUCTS_DIR)/HXDB.app/HXDB";
			};
			name = Release;
		};
		57CA55B91FC477F7008E8F95 /* Debug */ = {
			isa = XCBuildConfiguration;
			buildSettings = {
				CODE_SIGN_STYLE = Automatic;
				DEVELOPMENT_TEAM = AV69H3MJH2;
				INFOPLIST_FILE = HXDBUITests/Info.plist;
				LD_RUNPATH_SEARCH_PATHS = "$(inherited) @executable_path/Frameworks @loader_path/Frameworks";
				PRODUCT_BUNDLE_IDENTIFIER = com.commet.HXDBUITests;
				PRODUCT_NAME = "$(TARGET_NAME)";
				TARGETED_DEVICE_FAMILY = "1,2";
				TEST_TARGET_NAME = HXDB;
			};
			name = Debug;
		};
		57CA55BA1FC477F7008E8F95 /* Release */ = {
			isa = XCBuildConfiguration;
			buildSettings = {
				CODE_SIGN_STYLE = Automatic;
				DEVELOPMENT_TEAM = AV69H3MJH2;
				INFOPLIST_FILE = HXDBUITests/Info.plist;
				LD_RUNPATH_SEARCH_PATHS = "$(inherited) @executable_path/Frameworks @loader_path/Frameworks";
				PRODUCT_BUNDLE_IDENTIFIER = com.commet.HXDBUITests;
				PRODUCT_NAME = "$(TARGET_NAME)";
				TARGETED_DEVICE_FAMILY = "1,2";
				TEST_TARGET_NAME = HXDB;
			};
			name = Release;
		};
/* End XCBuildConfiguration section */

/* Begin XCConfigurationList section */
		57CA55811FC477F7008E8F95 /* Build configuration list for PBXProject "HXDB" */ = {
			isa = XCConfigurationList;
			buildConfigurations = (
				57CA55B01FC477F7008E8F95 /* Debug */,
				57CA55B11FC477F7008E8F95 /* Release */,
			);
			defaultConfigurationIsVisible = 0;
			defaultConfigurationName = Release;
		};
		57CA55B21FC477F7008E8F95 /* Build configuration list for PBXNativeTarget "HXDB" */ = {
			isa = XCConfigurationList;
			buildConfigurations = (
				57CA55B31FC477F7008E8F95 /* Debug */,
				57CA55B41FC477F7008E8F95 /* Release */,
			);
			defaultConfigurationIsVisible = 0;
			defaultConfigurationName = Release;
		};
		57CA55B51FC477F7008E8F95 /* Build configuration list for PBXNativeTarget "HXDBTests" */ = {
			isa = XCConfigurationList;
			buildConfigurations = (
				57CA55B61FC477F7008E8F95 /* Debug */,
				57CA55B71FC477F7008E8F95 /* Release */,
			);
			defaultConfigurationIsVisible = 0;
			defaultConfigurationName = Release;
		};
		57CA55B81FC477F7008E8F95 /* Build configuration list for PBXNativeTarget "HXDBUITests" */ = {
			isa = XCConfigurationList;
			buildConfigurations = (
				57CA55B91FC477F7008E8F95 /* Debug */,
				57CA55BA1FC477F7008E8F95 /* Release */,
			);
			defaultConfigurationIsVisible = 0;
			defaultConfigurationName = Release;
		};
/* End XCConfigurationList section */
	};
	rootObject = 57CA557E1FC477F7008E8F95 /* Project object */;
}
